
Microsoft Visual Studio Solution File, Format Version 12.00
# Visual Studio Version 16
VisualStudioVersion = 16.0.31005.135
MinimumVisualStudioVersion = 10.0.40219.1
Project("{9A19103F-16F7-4668-BE54-9A1E7A4F7556}") = "Server", "Server\Server.csproj", "{CDC3BE7A-4DE6-487F-8444-206327F92155}"
EndProject
Project("{9A19103F-16F7-4668-BE54-9A1E7A4F7556}") = "Client", "Client\Client.csproj", "{E1A65236-94E8-4A3C-938E-A8819097ADE9}"
EndProject
Project("{9A19103F-16F7-4668-BE54-9A1E7A4F7556}") = "NetworkLibrary", "NetworkLibrary\NetworkLibrary.csproj", "{C28C4061-003D-442F-85B1-3861DDC5A7F6}"
EndProject
Project("{9A19103F-16F7-4668-BE54-9A1E7A4F7556}") = "DemoGameRPS", "DemoGameRPS\DemoGameRPS.csproj", "{0CF6AE93-A7DF-4716-A39D-D2487B7E0059}"
EndProject
Project("{FAE04EC0-301F-11D3-BF4B-00C04F79EFBC}") = "Test", "Test\Test.csproj", "{715DAD6A-DA5D-47B2-969C-8DF9FA129778}"
EndProject
Project("{FAE04EC0-301F-11D3-BF4B-00C04F79EFBC}") = "WPFServer", "WPFServer\WPFServer.csproj", "{6E23A705-D013-4DEB-B2FB-96A9AFFA19C3}"
EndProject
Global
	GlobalSection(SolutionConfigurationPlatforms) = preSolution
		Debug|Any CPU = Debug|Any CPU
		Release|Any CPU = Release|Any CPU
	EndGlobalSection
	GlobalSection(ProjectConfigurationPlatforms) = postSolution
		{CDC3BE7A-4DE6-487F-8444-206327F92155}.Debug|Any CPU.ActiveCfg = Debug|Any CPU
		{CDC3BE7A-4DE6-487F-8444-206327F92155}.Debug|Any CPU.Build.0 = Debug|Any CPU
		{CDC3BE7A-4DE6-487F-8444-206327F92155}.Release|Any CPU.ActiveCfg = Release|Any CPU
		{CDC3BE7A-4DE6-487F-8444-206327F92155}.Release|Any CPU.Build.0 = Release|Any CPU
		{E1A65236-94E8-4A3C-938E-A8819097ADE9}.Debug|Any CPU.ActiveCfg = Debug|Any CPU
		{E1A65236-94E8-4A3C-938E-A8819097ADE9}.Debug|Any CPU.Build.0 = Debug|Any CPU
		{E1A65236-94E8-4A3C-938E-A8819097ADE9}.Release|Any CPU.ActiveCfg = Release|Any CPU
		{E1A65236-94E8-4A3C-938E-A8819097ADE9}.Release|Any CPU.Build.0 = Release|Any CPU
		{C28C4061-003D-442F-85B1-3861DDC5A7F6}.Debug|Any CPU.ActiveCfg = Debug|Any CPU
		{C28C4061-003D-442F-85B1-3861DDC5A7F6}.Debug|Any CPU.Build.0 = Debug|Any CPU
		{C28C4061-003D-442F-85B1-3861DDC5A7F6}.Release|Any CPU.ActiveCfg = Release|Any CPU
		{C28C4061-003D-442F-85B1-3861DDC5A7F6}.Release|Any CPU.Build.0 = Release|Any CPU
		{0CF6AE93-A7DF-4716-A39D-D2487B7E0059}.Debug|Any CPU.ActiveCfg = Debug|Any CPU
		{0CF6AE93-A7DF-4716-A39D-D2487B7E0059}.Debug|Any CPU.Build.0 = Debug|Any CPU
		{0CF6AE93-A7DF-4716-A39D-D2487B7E0059}.Release|Any CPU.ActiveCfg = Release|Any CPU
		{0CF6AE93-A7DF-4716-A39D-D2487B7E0059}.Release|Any CPU.Build.0 = Release|Any CPU
		{715DAD6A-DA5D-47B2-969C-8DF9FA129778}.Debug|Any CPU.ActiveCfg = Debug|Any CPU
		{715DAD6A-DA5D-47B2-969C-8DF9FA129778}.Debug|Any CPU.Build.0 = Debug|Any CPU
		{715DAD6A-DA5D-47B2-969C-8DF9FA129778}.Release|Any CPU.ActiveCfg = Release|Any CPU
		{715DAD6A-DA5D-47B2-969C-8DF9FA129778}.Release|Any CPU.Build.0 = Release|Any CPU
		{6E23A705-D013-4DEB-B2FB-96A9AFFA19C3}.Debug|Any CPU.ActiveCfg = Debug|Any CPU
		{6E23A705-D013-4DEB-B2FB-96A9AFFA19C3}.Debug|Any CPU.Build.0 = Debug|Any CPU
		{6E23A705-D013-4DEB-B2FB-96A9AFFA19C3}.Release|Any CPU.ActiveCfg = Release|Any CPU
		{6E23A705-D013-4DEB-B2FB-96A9AFFA19C3}.Release|Any CPU.Build.0 = Release|Any CPU
	EndGlobalSection
	GlobalSection(SolutionProperties) = preSolution
		HideSolutionNode = FALSE
	EndGlobalSection
	GlobalSection(ExtensibilityGlobals) = postSolution
		SolutionGuid = {16B69A5D-58AC-4E6E-A032-30B0BB209144}
	EndGlobalSection
EndGlobal
